<?xml version="1.0" encoding="utf-8"?>
<Project ToolsVersion="4.0" xmlns="http://schemas.microsoft.com/developer/msbuild/2003">
  <ItemGroup>
    <Filter Include="Source Files">
      <UniqueIdentifier>{4FC737F1-C7A5-4376-A066-2A32D752A2FF}</UniqueIdentifier>
      <Extensions>cpp;c;cc;cxx;c++;cppm;ixx;def;odl;idl;hpj;bat;asm;asmx</Extensions>
    </Filter>
    <Filter Include="Header Files">
      <UniqueIdentifier>{93995380-89BD-4b04-88EB-625FBE52EBFB}</UniqueIdentifier>
      <Extensions>h;hh;hpp;hxx;h++;hm;inl;inc;ipp;xsd</Extensions>
    </Filter>
    <Filter Include="Resource Files">
      <UniqueIdentifier>{67DA6AB6-F800-4c08-8B7A-83BB121AAD01}</UniqueIdentifier>
      <Extensions>rc;ico;cur;bmp;dlg;rc2;rct;bin;rgs;gif;jpg;jpeg;jpe;resx;tiff;tif;png;wav;mfcribbon-ms</Extensions>
    </Filter>
  </ItemGroup>
  <ItemGroup>
    <ClCompile Include="..\lab3\Car.cpp">
      <Filter>Source Files</Filter>
    </ClCompile>
    <ClCompile Include="..\lab3\CargoVehicle.cpp">
      <Filter>Source Files</Filter>
    </ClCompile>
    <ClCompile Include="..\lab3\CityPassengerVehicle.cpp">
      <Filter>Source Files</Filter>
    </ClCompile>
    <ClCompile Include="..\lab3\DumpTruck.cpp">
      <Filter>Source Files</Filter>
    </ClCompile>
    <ClCompile Include="..\lab3\IntercityPassengerVehicle.cpp">
      <Filter>Source Files</Filter>
    </ClCompile>
    <ClCompile Include="..\lab3\InternationalPassengerVehicle.cpp">
      <Filter>Source Files</Filter>
    </ClCompile>
    <ClCompile Include="..\lab3\Jeep.cpp">
      <Filter>Source Files</Filter>
    </ClCompile>
    <ClCompile Include="..\lab3\Limousine.cpp">
      <Filter>Source Files</Filter>
    </ClCompile>
    <ClCompile Include="..\lab3\main.cpp">
      <Filter>Source Files</Filter>
    </ClCompile>
    <ClCompile Include="..\lab3\mainFunc.cpp">
      <Filter>Source Files</Filter>
    </ClCompile>
    <ClCompile Include="..\lab3\PassengerVehicle.cpp">
      <Filter>Source Files</Filter>
    </ClCompile>
    <ClCompile Include="..\lab3\RefrigeratedCargoVehicle.cpp">
      <Filter>Source Files</Filter>
    </ClCompile>
    <ClCompile Include="..\lab3\SportsCar.cpp">
      <Filter>Source Files</Filter>
    </ClCompile>
    <ClCompile Include="..\lab3\TransportVehicle.cpp">
      <Filter>Source Files</Filter>
    </ClCompile>
  </ItemGroup>
  <ItemGroup>
    <ClInclude Include="..\lab3\Car.h">
      <Filter>Header Files</Filter>
    </ClInclude>
    <ClInclude Include="..\lab3\CargoVehicle.h">
      <Filter>Header Files</Filter>
    </ClInclude>
    <ClInclude Include="..\lab3\CityPassengerVehicle.h">
      <Filter>Header Files</Filter>
    </ClInclude>
    <ClInclude Include="..\lab3\DumpTruck.h">
      <Filter>Header Files</Filter>
    </ClInclude>
    <ClInclude Include="..\lab3\IntercityPassengerVehicle.h">
      <Filter>Header Files</Filter>
    </ClInclude>
    <ClInclude Include="..\lab3\InternationalPassengerVehicle.h">
      <Filter>Header Files</Filter>
    </ClInclude>
    <ClInclude Include="..\lab3\Jeep.h">
      <Filter>Header Files</Filter>
    </ClInclude>
    <ClInclude Include="..\lab3\Limousine.h">
      <Filter>Header Files</Filter>
    </ClInclude>
    <ClInclude Include="..\lab3\mainFunc.h">
      <Filter>Header Files</Filter>
    </ClInclude>
    <ClInclude Include="..\lab3\RefrigeratedCargoVehicle.h">
      <Filter>Header Files</Filter>
    </ClInclude>
    <ClInclude Include="..\lab3\PassengerVehicle.h">
      <Filter>Header Files</Filter>
    </ClInclude>
    <ClInclude Include="..\lab3\SportsCar.h">
      <Filter>Header Files</Filter>
    </ClInclude>
    <ClInclude Include="..\lab3\TransportVehicle.h">
      <Filter>Header Files</Filter>
    </ClInclude>
  </ItemGroup>
</Project>